PODS:
  - AFNetworking (2.2.0):
    - AFNetworking/NSURLConnection
    - AFNetworking/NSURLSession
    - AFNetworking/Reachability
    - AFNetworking/Security
    - AFNetworking/Serialization
    - AFNetworking/UIKit
  - AFNetworking/NSURLConnection (2.2.0):
    - AFNetworking/Reachability
    - AFNetworking/Security
    - AFNetworking/Serialization
  - AFNetworking/NSURLSession (2.2.0):
    - AFNetworking/NSURLConnection
  - AFNetworking/Reachability (2.2.0)
  - AFNetworking/Security (2.2.0)
  - AFNetworking/Serialization (2.2.0)
  - AFNetworking/UIKit (2.2.0):
    - AFNetworking/NSURLConnection
    - AFNetworking/NSURLSession
  - CHCSVParser (2.0.7)
  - ios-linechart (1.2.1)
  - MBProgressHUD (0.8)
  - UIView+AutoLayout (1.2.0)

DEPENDENCIES:
  - AFNetworking (~> 2.0)
  - CHCSVParser (~> 2.0.7)
  - ios-linechart (from `../ios-linechart`)
  - MBProgressHUD (~> 0.8)
  - UIView+AutoLayout

EXTERNAL SOURCES:
  ios-linechart:
    :path: ../ios-linechart

SPEC CHECKSUMS:
  AFNetworking: e8cfd8f3fe3bfe19124a0cc63f4d45752d892a56
  CHCSVParser: 30ac034cc0d37d9c783e7af96926270524836d70
  ios-linechart: 587138b6a93b3d302c4a4f871a72a3e36143d418
  MBProgressHUD: 2bbc6f470111daf7f3eaa4eb12b8cbf01c4c0622
  UIView+AutoLayout: 1bcec87eaa77ffa088dc37e061d25fdead740089

COCOAPODS: 0.29.0
