// !$*UTF8*$!
{
	archiveVersion = 1;
	classes = {
	};
	objectVersion = 46;
	objects = {

/* Begin PBXBuildFile section */
		1605410118B83A4800C200C6 /* PositionDisplayCell.m in Sources */ = {isa = PBXBuildFile; fileRef = 1605410018B83A4800C200C6 /* PositionDisplayCell.m */; };
		1605410918B843C000C200C6 /* HGPosition.m in Sources */ = {isa = PBXBuildFile; fileRef = 1605410818B843C000C200C6 /* HGPosition.m */; };
		1605411318B8FD5700C200C6 /* SettingsViewController.m in Sources */ = {isa = PBXBuildFile; fileRef = 1605411218B8FD5700C200C6 /* SettingsViewController.m */; };
		1605411618B8FFF700C200C6 /* UIColor+Mercury.m in Sources */ = {isa = PBXBuildFile; fileRef = 1605411518B8FFF700C200C6 /* UIColor+Mercury.m */; };
		1605411A18B91DE900C200C6 /* PositionSummaryCell.m in Sources */ = {isa = PBXBuildFile; fileRef = 1605411918B91DE900C200C6 /* PositionSummaryCell.m */; };
		1605411D18B922C100C200C6 /* YahooAPIClient.m in Sources */ = {isa = PBXBuildFile; fileRef = 1605411C18B922C100C200C6 /* YahooAPIClient.m */; };
		1605412018B92D0A00C200C6 /* MercuryData.m in Sources */ = {isa = PBXBuildFile; fileRef = 1605411F18B92D0A00C200C6 /* MercuryData.m */; };
		1605412318B93D9A00C200C6 /* PositionDetailViewController.m in Sources */ = {isa = PBXBuildFile; fileRef = 1605412218B93D9A00C200C6 /* PositionDetailViewController.m */; };
		1605412618B9630000C200C6 /* NSDateFormatter+Mercury.m in Sources */ = {isa = PBXBuildFile; fileRef = 1605412518B9630000C200C6 /* NSDateFormatter+Mercury.m */; };
		1605412918B96A6000C200C6 /* HGHistory.m in Sources */ = {isa = PBXBuildFile; fileRef = 1605412818B96A6000C200C6 /* HGHistory.m */; };
		1605412F18B981DD00C200C6 /* NSArray+Mercury.m in Sources */ = {isa = PBXBuildFile; fileRef = 1605412E18B981DD00C200C6 /* NSArray+Mercury.m */; };
		1605413218B9965800C200C6 /* PositionChartViewController.m in Sources */ = {isa = PBXBuildFile; fileRef = 1605413118B9965800C200C6 /* PositionChartViewController.m */; };
		1605413518B99C5500C200C6 /* UITabBarController+AutoRotation.m in Sources */ = {isa = PBXBuildFile; fileRef = 1605413418B99C5500C200C6 /* UITabBarController+AutoRotation.m */; };
		1605413818B99CAB00C200C6 /* UINavigationController+AutoRotation.m in Sources */ = {isa = PBXBuildFile; fileRef = 1605413718B99CAB00C200C6 /* UINavigationController+AutoRotation.m */; };
		160B3BC918BC1CF30075CC14 /* NSString+Yahoo.m in Sources */ = {isa = PBXBuildFile; fileRef = 160B3BC818BC1CF30075CC14 /* NSString+Yahoo.m */; };
		160B3BCC18BC4EAA0075CC14 /* iTunesArtwork in Resources */ = {isa = PBXBuildFile; fileRef = 160B3BCA18BC4EAA0075CC14 /* iTunesArtwork */; };
		160B3BCD18BC4EAA0075CC14 /* iTunesArtwork@2x in Resources */ = {isa = PBXBuildFile; fileRef = 160B3BCB18BC4EAA0075CC14 /* iTunesArtwork@2x */; };
		1654ACCC18CB8CEB00D4D295 /* NSArray+HGPosition.m in Sources */ = {isa = PBXBuildFile; fileRef = 1654ACCB18CB8CEB00D4D295 /* NSArray+HGPosition.m */; };
		1654ACCF18CBA42400D4D295 /* HGSMAValue.m in Sources */ = {isa = PBXBuildFile; fileRef = 1654ACCE18CBA42400D4D295 /* HGSMAValue.m */; };
		167749A518C00B6F00C1647D /* NSDate+Mercury.m in Sources */ = {isa = PBXBuildFile; fileRef = 167749A418C00B6F00C1647D /* NSDate+Mercury.m */; };
		167749A818C029EF00C1647D /* NSArray+SMA.m in Sources */ = {isa = PBXBuildFile; fileRef = 167749A718C029EF00C1647D /* NSArray+SMA.m */; };
		167749AB18C02B1D00C1647D /* NSDecimalNumber+Mercury.m in Sources */ = {isa = PBXBuildFile; fileRef = 167749AA18C02B1D00C1647D /* NSDecimalNumber+Mercury.m */; };
		167AC78018BD810C006BF9E6 /* FileHelpers.m in Sources */ = {isa = PBXBuildFile; fileRef = 167AC77F18BD810C006BF9E6 /* FileHelpers.m */; };
		169A0D9F18B82ABD00E42D1A /* Foundation.framework in Frameworks */ = {isa = PBXBuildFile; fileRef = 169A0D9E18B82ABD00E42D1A /* Foundation.framework */; };
		169A0DA118B82ABD00E42D1A /* CoreGraphics.framework in Frameworks */ = {isa = PBXBuildFile; fileRef = 169A0DA018B82ABD00E42D1A /* CoreGraphics.framework */; };
		169A0DA318B82ABD00E42D1A /* UIKit.framework in Frameworks */ = {isa = PBXBuildFile; fileRef = 169A0DA218B82ABD00E42D1A /* UIKit.framework */; };
		169A0DA918B82ABE00E42D1A /* InfoPlist.strings in Resources */ = {isa = PBXBuildFile; fileRef = 169A0DA718B82ABE00E42D1A /* InfoPlist.strings */; };
		169A0DAB18B82ABE00E42D1A /* main.m in Sources */ = {isa = PBXBuildFile; fileRef = 169A0DAA18B82ABE00E42D1A /* main.m */; };
		169A0DAF18B82ABE00E42D1A /* AppDelegate.m in Sources */ = {isa = PBXBuildFile; fileRef = 169A0DAE18B82ABE00E42D1A /* AppDelegate.m */; };
		169A0DB118B82ABE00E42D1A /* Images.xcassets in Resources */ = {isa = PBXBuildFile; fileRef = 169A0DB018B82ABE00E42D1A /* Images.xcassets */; };
		169A0DB818B82ABE00E42D1A /* XCTest.framework in Frameworks */ = {isa = PBXBuildFile; fileRef = 169A0DB718B82ABE00E42D1A /* XCTest.framework */; };
		169A0DB918B82ABE00E42D1A /* Foundation.framework in Frameworks */ = {isa = PBXBuildFile; fileRef = 169A0D9E18B82ABD00E42D1A /* Foundation.framework */; };
		169A0DBA18B82ABE00E42D1A /* UIKit.framework in Frameworks */ = {isa = PBXBuildFile; fileRef = 169A0DA218B82ABD00E42D1A /* UIKit.framework */; };
		169A0DC218B82ABE00E42D1A /* InfoPlist.strings in Resources */ = {isa = PBXBuildFile; fileRef = 169A0DC018B82ABE00E42D1A /* InfoPlist.strings */; };
		169A0DC418B82ABE00E42D1A /* MercuryTests.m in Sources */ = {isa = PBXBuildFile; fileRef = 169A0DC318B82ABE00E42D1A /* MercuryTests.m */; };
		169A0DCF18B82DBA00E42D1A /* PositionsViewController.m in Sources */ = {isa = PBXBuildFile; fileRef = 169A0DCE18B82DBA00E42D1A /* PositionsViewController.m */; };
		16A53C1218C6B72E009E795E /* SearchViewController.m in Sources */ = {isa = PBXBuildFile; fileRef = 16A53C1118C6B72E009E795E /* SearchViewController.m */; };
		16A5C69418C37EFC0078EA01 /* HGSettings.m in Sources */ = {isa = PBXBuildFile; fileRef = 16A5C69318C37EFC0078EA01 /* HGSettings.m */; };
		16AE022918C27DBE00D8E3C8 /* UIViewController+Layout.m in Sources */ = {isa = PBXBuildFile; fileRef = 16AE022818C27DBE00D8E3C8 /* UIViewController+Layout.m */; };
		16B27B0618C38CF900A355FF /* SelectViewController.m in Sources */ = {isa = PBXBuildFile; fileRef = 16B27B0518C38CF900A355FF /* SelectViewController.m */; };
		16B27B0C18C40B4100A355FF /* SignalStatusCell.m in Sources */ = {isa = PBXBuildFile; fileRef = 16B27B0B18C40B4100A355FF /* SignalStatusCell.m */; };
		16B98FAF18BEBC6300A55122 /* NSNumberFormatter+Mercury.m in Sources */ = {isa = PBXBuildFile; fileRef = 16B98FAE18BEBC6300A55122 /* NSNumberFormatter+Mercury.m */; };
		16B98FB218BED58900A55122 /* NSString+Mercury.m in Sources */ = {isa = PBXBuildFile; fileRef = 16B98FB118BED58900A55122 /* NSString+Mercury.m */; };
		16F0797218BA835F00497607 /* HGTicker.m in Sources */ = {isa = PBXBuildFile; fileRef = 16F0797118BA835F00497607 /* HGTicker.m */; };
		62F5EDAA2D6B47D7AB50AF79 /* libPods.a in Frameworks */ = {isa = PBXBuildFile; fileRef = 290F2EA80FAD4BA6878CC57A /* libPods.a */; };
		C6736770D1B24F91851CF9C7 /* libPods.a in Frameworks */ = {isa = PBXBuildFile; fileRef = 290F2EA80FAD4BA6878CC57A /* libPods.a */; };
/* End PBXBuildFile section */

/* Begin PBXContainerItemProxy section */
		169A0DBB18B82ABE00E42D1A /* PBXContainerItemProxy */ = {
			isa = PBXContainerItemProxy;
			containerPortal = 169A0D9318B82ABD00E42D1A /* Project object */;
			proxyType = 1;
			remoteGlobalIDString = 169A0D9A18B82ABD00E42D1A;
			remoteInfo = Mercury;
		};
/* End PBXContainerItemProxy section */

/* Begin PBXFileReference section */
		160540FF18B83A4800C200C6 /* PositionDisplayCell.h */ = {isa = PBXFileReference; fileEncoding = 4; lastKnownFileType = sourcecode.c.h; path = PositionDisplayCell.h; sourceTree = "<group>"; };
		1605410018B83A4800C200C6 /* PositionDisplayCell.m */ = {isa = PBXFileReference; fileEncoding = 4; lastKnownFileType = sourcecode.c.objc; path = PositionDisplayCell.m; sourceTree = "<group>"; };
		1605410718B843C000C200C6 /* HGPosition.h */ = {isa = PBXFileReference; fileEncoding = 4; lastKnownFileType = sourcecode.c.h; path = HGPosition.h; sourceTree = "<group>"; };
		1605410818B843C000C200C6 /* HGPosition.m */ = {isa = PBXFileReference; fileEncoding = 4; lastKnownFileType = sourcecode.c.objc; path = HGPosition.m; sourceTree = "<group>"; };
		1605410A18B8452C00C200C6 /* Mercury.h */ = {isa = PBXFileReference; fileEncoding = 4; lastKnownFileType = sourcecode.c.h; path = Mercury.h; sourceTree = "<group>"; };
		1605411118B8FD5700C200C6 /* SettingsViewController.h */ = {isa = PBXFileReference; fileEncoding = 4; lastKnownFileType = sourcecode.c.h; path = SettingsViewController.h; sourceTree = "<group>"; };
		1605411218B8FD5700C200C6 /* SettingsViewController.m */ = {isa = PBXFileReference; fileEncoding = 4; lastKnownFileType = sourcecode.c.objc; path = SettingsViewController.m; sourceTree = "<group>"; };
		1605411418B8FFF700C200C6 /* UIColor+Mercury.h */ = {isa = PBXFileReference; fileEncoding = 4; lastKnownFileType = sourcecode.c.h; path = "UIColor+Mercury.h"; sourceTree = "<group>"; };
		1605411518B8FFF700C200C6 /* UIColor+Mercury.m */ = {isa = PBXFileReference; fileEncoding = 4; lastKnownFileType = sourcecode.c.objc; path = "UIColor+Mercury.m"; sourceTree = "<group>"; };
		1605411818B91DE900C200C6 /* PositionSummaryCell.h */ = {isa = PBXFileReference; fileEncoding = 4; lastKnownFileType = sourcecode.c.h; path = PositionSummaryCell.h; sourceTree = "<group>"; };
		1605411918B91DE900C200C6 /* PositionSummaryCell.m */ = {isa = PBXFileReference; fileEncoding = 4; lastKnownFileType = sourcecode.c.objc; path = PositionSummaryCell.m; sourceTree = "<group>"; };
		1605411B18B922C100C200C6 /* YahooAPIClient.h */ = {isa = PBXFileReference; fileEncoding = 4; lastKnownFileType = sourcecode.c.h; path = YahooAPIClient.h; sourceTree = "<group>"; };
		1605411C18B922C100C200C6 /* YahooAPIClient.m */ = {isa = PBXFileReference; fileEncoding = 4; lastKnownFileType = sourcecode.c.objc; path = YahooAPIClient.m; sourceTree = "<group>"; };
		1605411E18B92D0A00C200C6 /* MercuryData.h */ = {isa = PBXFileReference; fileEncoding = 4; lastKnownFileType = sourcecode.c.h; path = MercuryData.h; sourceTree = "<group>"; };
		1605411F18B92D0A00C200C6 /* MercuryData.m */ = {isa = PBXFileReference; fileEncoding = 4; lastKnownFileType = sourcecode.c.objc; path = MercuryData.m; sourceTree = "<group>"; };
		1605412118B93D9A00C200C6 /* PositionDetailViewController.h */ = {isa = PBXFileReference; fileEncoding = 4; lastKnownFileType = sourcecode.c.h; path = PositionDetailViewController.h; sourceTree = "<group>"; };
		1605412218B93D9A00C200C6 /* PositionDetailViewController.m */ = {isa = PBXFileReference; fileEncoding = 4; lastKnownFileType = sourcecode.c.objc; path = PositionDetailViewController.m; sourceTree = "<group>"; };
		1605412418B9630000C200C6 /* NSDateFormatter+Mercury.h */ = {isa = PBXFileReference; fileEncoding = 4; lastKnownFileType = sourcecode.c.h; path = "NSDateFormatter+Mercury.h"; sourceTree = "<group>"; };
		1605412518B9630000C200C6 /* NSDateFormatter+Mercury.m */ = {isa = PBXFileReference; fileEncoding = 4; lastKnownFileType = sourcecode.c.objc; path = "NSDateFormatter+Mercury.m"; sourceTree = "<group>"; };
		1605412718B96A6000C200C6 /* HGHistory.h */ = {isa = PBXFileReference; fileEncoding = 4; lastKnownFileType = sourcecode.c.h; path = HGHistory.h; sourceTree = "<group>"; };
		1605412818B96A6000C200C6 /* HGHistory.m */ = {isa = PBXFileReference; fileEncoding = 4; lastKnownFileType = sourcecode.c.objc; path = HGHistory.m; sourceTree = "<group>"; };
		1605412D18B981DD00C200C6 /* NSArray+Mercury.h */ = {isa = PBXFileReference; fileEncoding = 4; lastKnownFileType = sourcecode.c.h; path = "NSArray+Mercury.h"; sourceTree = "<group>"; };
		1605412E18B981DD00C200C6 /* NSArray+Mercury.m */ = {isa = PBXFileReference; fileEncoding = 4; lastKnownFileType = sourcecode.c.objc; path = "NSArray+Mercury.m"; sourceTree = "<group>"; };
		1605413018B9965800C200C6 /* PositionChartViewController.h */ = {isa = PBXFileReference; fileEncoding = 4; lastKnownFileType = sourcecode.c.h; path = PositionChartViewController.h; sourceTree = "<group>"; };
		1605413118B9965800C200C6 /* PositionChartViewController.m */ = {isa = PBXFileReference; fileEncoding = 4; lastKnownFileType = sourcecode.c.objc; path = PositionChartViewController.m; sourceTree = "<group>"; };
		1605413318B99C5500C200C6 /* UITabBarController+AutoRotation.h */ = {isa = PBXFileReference; fileEncoding = 4; lastKnownFileType = sourcecode.c.h; path = "UITabBarController+AutoRotation.h"; sourceTree = "<group>"; };
		1605413418B99C5500C200C6 /* UITabBarController+AutoRotation.m */ = {isa = PBXFileReference; fileEncoding = 4; lastKnownFileType = sourcecode.c.objc; path = "UITabBarController+AutoRotation.m"; sourceTree = "<group>"; };
		1605413618B99CAB00C200C6 /* UINavigationController+AutoRotation.h */ = {isa = PBXFileReference; fileEncoding = 4; lastKnownFileType = sourcecode.c.h; path = "UINavigationController+AutoRotation.h"; sourceTree = "<group>"; };
		1605413718B99CAB00C200C6 /* UINavigationController+AutoRotation.m */ = {isa = PBXFileReference; fileEncoding = 4; lastKnownFileType = sourcecode.c.objc; path = "UINavigationController+AutoRotation.m"; sourceTree = "<group>"; };
		160B3BC718BC1CF30075CC14 /* NSString+Yahoo.h */ = {isa = PBXFileReference; fileEncoding = 4; lastKnownFileType = sourcecode.c.h; path = "NSString+Yahoo.h"; sourceTree = "<group>"; };
		160B3BC818BC1CF30075CC14 /* NSString+Yahoo.m */ = {isa = PBXFileReference; fileEncoding = 4; lastKnownFileType = sourcecode.c.objc; path = "NSString+Yahoo.m"; sourceTree = "<group>"; };
		160B3BCA18BC4EAA0075CC14 /* iTunesArtwork */ = {isa = PBXFileReference; lastKnownFileType = file; path = iTunesArtwork; sourceTree = "<group>"; };
		160B3BCB18BC4EAA0075CC14 /* iTunesArtwork@2x */ = {isa = PBXFileReference; lastKnownFileType = file; path = "iTunesArtwork@2x"; sourceTree = "<group>"; };
		1654ACCA18CB8CEB00D4D295 /* NSArray+HGPosition.h */ = {isa = PBXFileReference; fileEncoding = 4; lastKnownFileType = sourcecode.c.h; path = "NSArray+HGPosition.h"; sourceTree = "<group>"; };
		1654ACCB18CB8CEB00D4D295 /* NSArray+HGPosition.m */ = {isa = PBXFileReference; fileEncoding = 4; lastKnownFileType = sourcecode.c.objc; path = "NSArray+HGPosition.m"; sourceTree = "<group>"; };
		1654ACCD18CBA42400D4D295 /* HGSMAValue.h */ = {isa = PBXFileReference; fileEncoding = 4; lastKnownFileType = sourcecode.c.h; path = HGSMAValue.h; sourceTree = "<group>"; };
		1654ACCE18CBA42400D4D295 /* HGSMAValue.m */ = {isa = PBXFileReference; fileEncoding = 4; lastKnownFileType = sourcecode.c.objc; path = HGSMAValue.m; sourceTree = "<group>"; };
		167749A318C00B6F00C1647D /* NSDate+Mercury.h */ = {isa = PBXFileReference; fileEncoding = 4; lastKnownFileType = sourcecode.c.h; path = "NSDate+Mercury.h"; sourceTree = "<group>"; };
		167749A418C00B6F00C1647D /* NSDate+Mercury.m */ = {isa = PBXFileReference; fileEncoding = 4; lastKnownFileType = sourcecode.c.objc; path = "NSDate+Mercury.m"; sourceTree = "<group>"; };
		167749A618C029EF00C1647D /* NSArray+SMA.h */ = {isa = PBXFileReference; fileEncoding = 4; lastKnownFileType = sourcecode.c.h; path = "NSArray+SMA.h"; sourceTree = "<group>"; };
		167749A718C029EF00C1647D /* NSArray+SMA.m */ = {isa = PBXFileReference; fileEncoding = 4; lastKnownFileType = sourcecode.c.objc; path = "NSArray+SMA.m"; sourceTree = "<group>"; };
		167749A918C02B1D00C1647D /* NSDecimalNumber+Mercury.h */ = {isa = PBXFileReference; fileEncoding = 4; lastKnownFileType = sourcecode.c.h; path = "NSDecimalNumber+Mercury.h"; sourceTree = "<group>"; };
		167749AA18C02B1D00C1647D /* NSDecimalNumber+Mercury.m */ = {isa = PBXFileReference; fileEncoding = 4; lastKnownFileType = sourcecode.c.objc; path = "NSDecimalNumber+Mercury.m"; sourceTree = "<group>"; };
		167AC77E18BD810C006BF9E6 /* FileHelpers.h */ = {isa = PBXFileReference; fileEncoding = 4; lastKnownFileType = sourcecode.c.h; path = FileHelpers.h; sourceTree = "<group>"; };
		167AC77F18BD810C006BF9E6 /* FileHelpers.m */ = {isa = PBXFileReference; fileEncoding = 4; lastKnownFileType = sourcecode.c.objc; path = FileHelpers.m; sourceTree = "<group>"; };
		169A0D9B18B82ABD00E42D1A /* Mutual Funds.app */ = {isa = PBXFileReference; explicitFileType = wrapper.application; includeInIndex = 0; path = "Mutual Funds.app"; sourceTree = BUILT_PRODUCTS_DIR; };
		169A0D9E18B82ABD00E42D1A /* Foundation.framework */ = {isa = PBXFileReference; lastKnownFileType = wrapper.framework; name = Foundation.framework; path = System/Library/Frameworks/Foundation.framework; sourceTree = SDKROOT; };
		169A0DA018B82ABD00E42D1A /* CoreGraphics.framework */ = {isa = PBXFileReference; lastKnownFileType = wrapper.framework; name = CoreGraphics.framework; path = System/Library/Frameworks/CoreGraphics.framework; sourceTree = SDKROOT; };
		169A0DA218B82ABD00E42D1A /* UIKit.framework */ = {isa = PBXFileReference; lastKnownFileType = wrapper.framework; name = UIKit.framework; path = System/Library/Frameworks/UIKit.framework; sourceTree = SDKROOT; };
		169A0DA618B82ABE00E42D1A /* Mercury-Info.plist */ = {isa = PBXFileReference; lastKnownFileType = text.plist.xml; path = "Mercury-Info.plist"; sourceTree = "<group>"; };
		169A0DA818B82ABE00E42D1A /* en */ = {isa = PBXFileReference; lastKnownFileType = text.plist.strings; name = en; path = en.lproj/InfoPlist.strings; sourceTree = "<group>"; };
		169A0DAA18B82ABE00E42D1A /* main.m */ = {isa = PBXFileReference; lastKnownFileType = sourcecode.c.objc; path = main.m; sourceTree = "<group>"; };
		169A0DAC18B82ABE00E42D1A /* Mercury-Prefix.pch */ = {isa = PBXFileReference; lastKnownFileType = sourcecode.c.h; path = "Mercury-Prefix.pch"; sourceTree = "<group>"; };
		169A0DAD18B82ABE00E42D1A /* AppDelegate.h */ = {isa = PBXFileReference; lastKnownFileType = sourcecode.c.h; path = AppDelegate.h; sourceTree = "<group>"; };
		169A0DAE18B82ABE00E42D1A /* AppDelegate.m */ = {isa = PBXFileReference; lastKnownFileType = sourcecode.c.objc; path = AppDelegate.m; sourceTree = "<group>"; };
		169A0DB018B82ABE00E42D1A /* Images.xcassets */ = {isa = PBXFileReference; lastKnownFileType = folder.assetcatalog; path = Images.xcassets; sourceTree = "<group>"; };
		169A0DB618B82ABE00E42D1A /* MercuryTests.xctest */ = {isa = PBXFileReference; explicitFileType = wrapper.cfbundle; includeInIndex = 0; path = MercuryTests.xctest; sourceTree = BUILT_PRODUCTS_DIR; };
		169A0DB718B82ABE00E42D1A /* XCTest.framework */ = {isa = PBXFileReference; lastKnownFileType = wrapper.framework; name = XCTest.framework; path = Library/Frameworks/XCTest.framework; sourceTree = DEVELOPER_DIR; };
		169A0DBF18B82ABE00E42D1A /* MercuryTests-Info.plist */ = {isa = PBXFileReference; lastKnownFileType = text.plist.xml; path = "MercuryTests-Info.plist"; sourceTree = "<group>"; };
		169A0DC118B82ABE00E42D1A /* en */ = {isa = PBXFileReference; lastKnownFileType = text.plist.strings; name = en; path = en.lproj/InfoPlist.strings; sourceTree = "<group>"; };
		169A0DC318B82ABE00E42D1A /* MercuryTests.m */ = {isa = PBXFileReference; lastKnownFileType = sourcecode.c.objc; path = MercuryTests.m; sourceTree = "<group>"; };
		169A0DCD18B82DBA00E42D1A /* PositionsViewController.h */ = {isa = PBXFileReference; fileEncoding = 4; lastKnownFileType = sourcecode.c.h; path = PositionsViewController.h; sourceTree = "<group>"; };
		169A0DCE18B82DBA00E42D1A /* PositionsViewController.m */ = {isa = PBXFileReference; fileEncoding = 4; lastKnownFileType = sourcecode.c.objc; path = PositionsViewController.m; sourceTree = "<group>"; };
		169A0DD018B82E9A00E42D1A /* Constants.h */ = {isa = PBXFileReference; fileEncoding = 4; lastKnownFileType = sourcecode.c.h; path = Constants.h; sourceTree = "<group>"; };
		16A53C1018C6B72E009E795E /* SearchViewController.h */ = {isa = PBXFileReference; fileEncoding = 4; lastKnownFileType = sourcecode.c.h; path = SearchViewController.h; sourceTree = "<group>"; };
		16A53C1118C6B72E009E795E /* SearchViewController.m */ = {isa = PBXFileReference; fileEncoding = 4; lastKnownFileType = sourcecode.c.objc; path = SearchViewController.m; sourceTree = "<group>"; };
		16A5C69218C37EFC0078EA01 /* HGSettings.h */ = {isa = PBXFileReference; fileEncoding = 4; lastKnownFileType = sourcecode.c.h; path = HGSettings.h; sourceTree = "<group>"; };
		16A5C69318C37EFC0078EA01 /* HGSettings.m */ = {isa = PBXFileReference; fileEncoding = 4; lastKnownFileType = sourcecode.c.objc; path = HGSettings.m; sourceTree = "<group>"; };
		16AE022718C27DBE00D8E3C8 /* UIViewController+Layout.h */ = {isa = PBXFileReference; fileEncoding = 4; lastKnownFileType = sourcecode.c.h; path = "UIViewController+Layout.h"; sourceTree = "<group>"; };
		16AE022818C27DBE00D8E3C8 /* UIViewController+Layout.m */ = {isa = PBXFileReference; fileEncoding = 4; lastKnownFileType = sourcecode.c.objc; path = "UIViewController+Layout.m"; sourceTree = "<group>"; };
		16B27B0418C38CF900A355FF /* SelectViewController.h */ = {isa = PBXFileReference; fileEncoding = 4; lastKnownFileType = sourcecode.c.h; path = SelectViewController.h; sourceTree = "<group>"; };
		16B27B0518C38CF900A355FF /* SelectViewController.m */ = {isa = PBXFileReference; fileEncoding = 4; lastKnownFileType = sourcecode.c.objc; path = SelectViewController.m; sourceTree = "<group>"; };
		16B27B0A18C40B4100A355FF /* SignalStatusCell.h */ = {isa = PBXFileReference; fileEncoding = 4; lastKnownFileType = sourcecode.c.h; path = SignalStatusCell.h; sourceTree = "<group>"; };
		16B27B0B18C40B4100A355FF /* SignalStatusCell.m */ = {isa = PBXFileReference; fileEncoding = 4; lastKnownFileType = sourcecode.c.objc; path = SignalStatusCell.m; sourceTree = "<group>"; };
		16B98FAD18BEBC6300A55122 /* NSNumberFormatter+Mercury.h */ = {isa = PBXFileReference; fileEncoding = 4; lastKnownFileType = sourcecode.c.h; path = "NSNumberFormatter+Mercury.h"; sourceTree = "<group>"; };
		16B98FAE18BEBC6300A55122 /* NSNumberFormatter+Mercury.m */ = {isa = PBXFileReference; fileEncoding = 4; lastKnownFileType = sourcecode.c.objc; path = "NSNumberFormatter+Mercury.m"; sourceTree = "<group>"; };
		16B98FB018BED58900A55122 /* NSString+Mercury.h */ = {isa = PBXFileReference; fileEncoding = 4; lastKnownFileType = sourcecode.c.h; path = "NSString+Mercury.h"; sourceTree = "<group>"; };
		16B98FB118BED58900A55122 /* NSString+Mercury.m */ = {isa = PBXFileReference; fileEncoding = 4; lastKnownFileType = sourcecode.c.objc; path = "NSString+Mercury.m"; sourceTree = "<group>"; };
		16F0797018BA835F00497607 /* HGTicker.h */ = {isa = PBXFileReference; fileEncoding = 4; lastKnownFileType = sourcecode.c.h; path = HGTicker.h; sourceTree = "<group>"; };
		16F0797118BA835F00497607 /* HGTicker.m */ = {isa = PBXFileReference; fileEncoding = 4; lastKnownFileType = sourcecode.c.objc; path = HGTicker.m; sourceTree = "<group>"; };
		290F2EA80FAD4BA6878CC57A /* libPods.a */ = {isa = PBXFileReference; explicitFileType = archive.ar; includeInIndex = 0; path = libPods.a; sourceTree = BUILT_PRODUCTS_DIR; };
		9CDE19C2F9074FD4B20E637F /* Pods.xcconfig */ = {isa = PBXFileReference; includeInIndex = 1; lastKnownFileType = text.xcconfig; name = Pods.xcconfig; path = Pods/Pods.xcconfig; sourceTree = "<group>"; };
/* End PBXFileReference section */

/* Begin PBXFrameworksBuildPhase section */
		169A0D9818B82ABD00E42D1A /* Frameworks */ = {
			isa = PBXFrameworksBuildPhase;
			buildActionMask = 2147483647;
			files = (
				169A0DA118B82ABD00E42D1A /* CoreGraphics.framework in Frameworks */,
				169A0DA318B82ABD00E42D1A /* UIKit.framework in Frameworks */,
				169A0D9F18B82ABD00E42D1A /* Foundation.framework in Frameworks */,
				C6736770D1B24F91851CF9C7 /* libPods.a in Frameworks */,
			);
			runOnlyForDeploymentPostprocessing = 0;
		};
		169A0DB318B82ABE00E42D1A /* Frameworks */ = {
			isa = PBXFrameworksBuildPhase;
			buildActionMask = 2147483647;
			files = (
				169A0DB818B82ABE00E42D1A /* XCTest.framework in Frameworks */,
				169A0DBA18B82ABE00E42D1A /* UIKit.framework in Frameworks */,
				169A0DB918B82ABE00E42D1A /* Foundation.framework in Frameworks */,
				62F5EDAA2D6B47D7AB50AF79 /* libPods.a in Frameworks */,
			);
			runOnlyForDeploymentPostprocessing = 0;
		};
/* End PBXFrameworksBuildPhase section */

/* Begin PBXGroup section */
		1605410218B8431E00C200C6 /* Model + Data */ = {
			isa = PBXGroup;
			children = (
				16F0797018BA835F00497607 /* HGTicker.h */,
				16F0797118BA835F00497607 /* HGTicker.m */,
				1605410718B843C000C200C6 /* HGPosition.h */,
				1605410818B843C000C200C6 /* HGPosition.m */,
				1605412718B96A6000C200C6 /* HGHistory.h */,
				1605412818B96A6000C200C6 /* HGHistory.m */,
				1654ACCD18CBA42400D4D295 /* HGSMAValue.h */,
				1654ACCE18CBA42400D4D295 /* HGSMAValue.m */,
			);
			name = "Model + Data";
			sourceTree = "<group>";
		};
		1605410318B8432D00C200C6 /* Views */ = {
			isa = PBXGroup;
			children = (
				160540FF18B83A4800C200C6 /* PositionDisplayCell.h */,
				1605410018B83A4800C200C6 /* PositionDisplayCell.m */,
				1605411818B91DE900C200C6 /* PositionSummaryCell.h */,
				1605411918B91DE900C200C6 /* PositionSummaryCell.m */,
				16B27B0A18C40B4100A355FF /* SignalStatusCell.h */,
				16B27B0B18C40B4100A355FF /* SignalStatusCell.m */,
			);
			name = Views;
			sourceTree = "<group>";
		};
		1605410418B8433400C200C6 /* Controllers */ = {
			isa = PBXGroup;
			children = (
				169A0DCD18B82DBA00E42D1A /* PositionsViewController.h */,
				169A0DCE18B82DBA00E42D1A /* PositionsViewController.m */,
				1605412118B93D9A00C200C6 /* PositionDetailViewController.h */,
				1605412218B93D9A00C200C6 /* PositionDetailViewController.m */,
				1605413018B9965800C200C6 /* PositionChartViewController.h */,
				1605413118B9965800C200C6 /* PositionChartViewController.m */,
				1605411118B8FD5700C200C6 /* SettingsViewController.h */,
				1605411218B8FD5700C200C6 /* SettingsViewController.m */,
				16B27B0418C38CF900A355FF /* SelectViewController.h */,
				16B27B0518C38CF900A355FF /* SelectViewController.m */,
				16A53C1018C6B72E009E795E /* SearchViewController.h */,
				16A53C1118C6B72E009E795E /* SearchViewController.m */,
			);
			name = Controllers;
			sourceTree = "<group>";
		};
		1605410518B8433D00C200C6 /* Constants */ = {
			isa = PBXGroup;
			children = (
				169A0DD018B82E9A00E42D1A /* Constants.h */,
				1605410A18B8452C00C200C6 /* Mercury.h */,
			);
			name = Constants;
			sourceTree = "<group>";
		};
		1605410618B8434C00C200C6 /* Singletons */ = {
			isa = PBXGroup;
			children = (
				169A0DAD18B82ABE00E42D1A /* AppDelegate.h */,
				169A0DAE18B82ABE00E42D1A /* AppDelegate.m */,
				1605411B18B922C100C200C6 /* YahooAPIClient.h */,
				1605411C18B922C100C200C6 /* YahooAPIClient.m */,
				1605411E18B92D0A00C200C6 /* MercuryData.h */,
				1605411F18B92D0A00C200C6 /* MercuryData.m */,
				16A5C69218C37EFC0078EA01 /* HGSettings.h */,
				16A5C69318C37EFC0078EA01 /* HGSettings.m */,
			);
			name = Singletons;
			sourceTree = "<group>";
		};
		1605411718B9000000C200C6 /* Helpers */ = {
			isa = PBXGroup;
			children = (
				16AE022718C27DBE00D8E3C8 /* UIViewController+Layout.h */,
				16AE022818C27DBE00D8E3C8 /* UIViewController+Layout.m */,
				167AC77E18BD810C006BF9E6 /* FileHelpers.h */,
				167AC77F18BD810C006BF9E6 /* FileHelpers.m */,
				1605411418B8FFF700C200C6 /* UIColor+Mercury.h */,
				1605411518B8FFF700C200C6 /* UIColor+Mercury.m */,
				1605412418B9630000C200C6 /* NSDateFormatter+Mercury.h */,
				1605412518B9630000C200C6 /* NSDateFormatter+Mercury.m */,
				1605412D18B981DD00C200C6 /* NSArray+Mercury.h */,
				1605412E18B981DD00C200C6 /* NSArray+Mercury.m */,
				1605413318B99C5500C200C6 /* UITabBarController+AutoRotation.h */,
				1605413418B99C5500C200C6 /* UITabBarController+AutoRotation.m */,
				1605413618B99CAB00C200C6 /* UINavigationController+AutoRotation.h */,
				1605413718B99CAB00C200C6 /* UINavigationController+AutoRotation.m */,
				160B3BC718BC1CF30075CC14 /* NSString+Yahoo.h */,
				160B3BC818BC1CF30075CC14 /* NSString+Yahoo.m */,
				16B98FAD18BEBC6300A55122 /* NSNumberFormatter+Mercury.h */,
				16B98FAE18BEBC6300A55122 /* NSNumberFormatter+Mercury.m */,
				16B98FB018BED58900A55122 /* NSString+Mercury.h */,
				16B98FB118BED58900A55122 /* NSString+Mercury.m */,
				167749A318C00B6F00C1647D /* NSDate+Mercury.h */,
				167749A418C00B6F00C1647D /* NSDate+Mercury.m */,
				167749A918C02B1D00C1647D /* NSDecimalNumber+Mercury.h */,
				167749AA18C02B1D00C1647D /* NSDecimalNumber+Mercury.m */,
				167749A618C029EF00C1647D /* NSArray+SMA.h */,
				167749A718C029EF00C1647D /* NSArray+SMA.m */,
				1654ACCA18CB8CEB00D4D295 /* NSArray+HGPosition.h */,
				1654ACCB18CB8CEB00D4D295 /* NSArray+HGPosition.m */,
			);
			name = Helpers;
			sourceTree = "<group>";
		};
		169A0D9218B82ABD00E42D1A = {
			isa = PBXGroup;
			children = (
				169A0DA418B82ABE00E42D1A /* Mercury */,
				169A0DBD18B82ABE00E42D1A /* MercuryTests */,
				169A0D9D18B82ABD00E42D1A /* Frameworks */,
				169A0D9C18B82ABD00E42D1A /* Products */,
				9CDE19C2F9074FD4B20E637F /* Pods.xcconfig */,
			);
			sourceTree = "<group>";
		};
		169A0D9C18B82ABD00E42D1A /* Products */ = {
			isa = PBXGroup;
			children = (
				169A0D9B18B82ABD00E42D1A /* Mutual Funds.app */,
				169A0DB618B82ABE00E42D1A /* MercuryTests.xctest */,
			);
			name = Products;
			sourceTree = "<group>";
		};
		169A0D9D18B82ABD00E42D1A /* Frameworks */ = {
			isa = PBXGroup;
			children = (
				169A0D9E18B82ABD00E42D1A /* Foundation.framework */,
				169A0DA018B82ABD00E42D1A /* CoreGraphics.framework */,
				169A0DA218B82ABD00E42D1A /* UIKit.framework */,
				169A0DB718B82ABE00E42D1A /* XCTest.framework */,
				290F2EA80FAD4BA6878CC57A /* libPods.a */,
			);
			name = Frameworks;
			sourceTree = "<group>";
		};
		169A0DA418B82ABE00E42D1A /* Mercury */ = {
			isa = PBXGroup;
			children = (
				1605410518B8433D00C200C6 /* Constants */,
				1605410618B8434C00C200C6 /* Singletons */,
				1605410418B8433400C200C6 /* Controllers */,
				1605410218B8431E00C200C6 /* Model + Data */,
				1605410318B8432D00C200C6 /* Views */,
				1605411718B9000000C200C6 /* Helpers */,
				169A0DB018B82ABE00E42D1A /* Images.xcassets */,
				169A0DA518B82ABE00E42D1A /* Supporting Files */,
			);
			path = Mercury;
			sourceTree = "<group>";
		};
		169A0DA518B82ABE00E42D1A /* Supporting Files */ = {
			isa = PBXGroup;
			children = (
				160B3BCA18BC4EAA0075CC14 /* iTunesArtwork */,
				160B3BCB18BC4EAA0075CC14 /* iTunesArtwork@2x */,
				169A0DA618B82ABE00E42D1A /* Mercury-Info.plist */,
				169A0DA718B82ABE00E42D1A /* InfoPlist.strings */,
				169A0DAA18B82ABE00E42D1A /* main.m */,
				169A0DAC18B82ABE00E42D1A /* Mercury-Prefix.pch */,
			);
			name = "Supporting Files";
			sourceTree = "<group>";
		};
		169A0DBD18B82ABE00E42D1A /* MercuryTests */ = {
			isa = PBXGroup;
			children = (
				169A0DC318B82ABE00E42D1A /* MercuryTests.m */,
				169A0DBE18B82ABE00E42D1A /* Supporting Files */,
			);
			path = MercuryTests;
			sourceTree = "<group>";
		};
		169A0DBE18B82ABE00E42D1A /* Supporting Files */ = {
			isa = PBXGroup;
			children = (
				169A0DBF18B82ABE00E42D1A /* MercuryTests-Info.plist */,
				169A0DC018B82ABE00E42D1A /* InfoPlist.strings */,
			);
			name = "Supporting Files";
			sourceTree = "<group>";
		};
/* End PBXGroup section */

/* Begin PBXNativeTarget section */
		169A0D9A18B82ABD00E42D1A /* Mercury */ = {
			isa = PBXNativeTarget;
			buildConfigurationList = 169A0DC718B82ABE00E42D1A /* Build configuration list for PBXNativeTarget "Mercury" */;
			buildPhases = (
				CC43C7B2A27D4AB78006DF06 /* Check Pods Manifest.lock */,
				169A0D9718B82ABD00E42D1A /* Sources */,
				169A0D9818B82ABD00E42D1A /* Frameworks */,
				169A0D9918B82ABD00E42D1A /* Resources */,
				5B907E5579E74932B83A5FEA /* Copy Pods Resources */,
			);
			buildRules = (
			);
			dependencies = (
			);
			name = Mercury;
			productName = Mercury;
			productReference = 169A0D9B18B82ABD00E42D1A /* Mutual Funds.app */;
			productType = "com.apple.product-type.application";
		};
		169A0DB518B82ABE00E42D1A /* MercuryTests */ = {
			isa = PBXNativeTarget;
			buildConfigurationList = 169A0DCA18B82ABE00E42D1A /* Build configuration list for PBXNativeTarget "MercuryTests" */;
			buildPhases = (
				0DCCE982E3164DD9ACDE5CB6 /* Check Pods Manifest.lock */,
				169A0DB218B82ABE00E42D1A /* Sources */,
				169A0DB318B82ABE00E42D1A /* Frameworks */,
				169A0DB418B82ABE00E42D1A /* Resources */,
				61140593F2EE4585A5851C7F /* Copy Pods Resources */,
			);
			buildRules = (
			);
			dependencies = (
				169A0DBC18B82ABE00E42D1A /* PBXTargetDependency */,
			);
			name = MercuryTests;
			productName = MercuryTests;
			productReference = 169A0DB618B82ABE00E42D1A /* MercuryTests.xctest */;
			productType = "com.apple.product-type.bundle.unit-test";
		};
/* End PBXNativeTarget section */

/* Begin PBXProject section */
		169A0D9318B82ABD00E42D1A /* Project object */ = {
			isa = PBXProject;
			attributes = {
				LastUpgradeCheck = 0500;
				ORGANIZATIONNAME = "Axel Rivera";
				TargetAttributes = {
					169A0D9A18B82ABD00E42D1A = {
						DevelopmentTeam = C2Q5BUZ3MX;
					};
					169A0DB518B82ABE00E42D1A = {
						TestTargetID = 169A0D9A18B82ABD00E42D1A;
					};
				};
			};
			buildConfigurationList = 169A0D9618B82ABD00E42D1A /* Build configuration list for PBXProject "Mercury" */;
			compatibilityVersion = "Xcode 3.2";
			developmentRegion = English;
			hasScannedForEncodings = 0;
			knownRegions = (
				en,
			);
			mainGroup = 169A0D9218B82ABD00E42D1A;
			productRefGroup = 169A0D9C18B82ABD00E42D1A /* Products */;
			projectDirPath = "";
			projectRoot = "";
			targets = (
				169A0D9A18B82ABD00E42D1A /* Mercury */,
				169A0DB518B82ABE00E42D1A /* MercuryTests */,
			);
		};
/* End PBXProject section */

/* Begin PBXResourcesBuildPhase section */
		169A0D9918B82ABD00E42D1A /* Resources */ = {
			isa = PBXResourcesBuildPhase;
			buildActionMask = 2147483647;
			files = (
				160B3BCD18BC4EAA0075CC14 /* iTunesArtwork@2x in Resources */,
				169A0DA918B82ABE00E42D1A /* InfoPlist.strings in Resources */,
				160B3BCC18BC4EAA0075CC14 /* iTunesArtwork in Resources */,
				169A0DB118B82ABE00E42D1A /* Images.xcassets in Resources */,
			);
			runOnlyForDeploymentPostprocessing = 0;
		};
		169A0DB418B82ABE00E42D1A /* Resources */ = {
			isa = PBXResourcesBuildPhase;
			buildActionMask = 2147483647;
			files = (
				169A0DC218B82ABE00E42D1A /* InfoPlist.strings in Resources */,
			);
			runOnlyForDeploymentPostprocessing = 0;
		};
/* End PBXResourcesBuildPhase section */

/* Begin PBXShellScriptBuildPhase section */
		0DCCE982E3164DD9ACDE5CB6 /* Check Pods Manifest.lock */ = {
			isa = PBXShellScriptBuildPhase;
			buildActionMask = 2147483647;
			files = (
			);
			inputPaths = (
			);
			name = "Check Pods Manifest.lock";
			outputPaths = (
			);
			runOnlyForDeploymentPostprocessing = 0;
			shellPath = /bin/sh;
			shellScript = "diff \"${PODS_ROOT}/../Podfile.lock\" \"${PODS_ROOT}/Manifest.lock\" > /dev/null\nif [[ $? != 0 ]] ; then\n    cat << EOM\nerror: The sandbox is not in sync with the Podfile.lock. Run 'pod install' or update your CocoaPods installation.\nEOM\n    exit 1\nfi\n";
			showEnvVarsInLog = 0;
		};
		5B907E5579E74932B83A5FEA /* Copy Pods Resources */ = {
			isa = PBXShellScriptBuildPhase;
			buildActionMask = 2147483647;
			files = (
			);
			inputPaths = (
			);
			name = "Copy Pods Resources";
			outputPaths = (
			);
			runOnlyForDeploymentPostprocessing = 0;
			shellPath = /bin/sh;
			shellScript = "\"${SRCROOT}/Pods/Pods-resources.sh\"\n";
			showEnvVarsInLog = 0;
		};
		61140593F2EE4585A5851C7F /* Copy Pods Resources */ = {
			isa = PBXShellScriptBuildPhase;
			buildActionMask = 2147483647;
			files = (
			);
			inputPaths = (
			);
			name = "Copy Pods Resources";
			outputPaths = (
			);
			runOnlyForDeploymentPostprocessing = 0;
			shellPath = /bin/sh;
			shellScript = "\"${SRCROOT}/Pods/Pods-resources.sh\"\n";
			showEnvVarsInLog = 0;
		};
		CC43C7B2A27D4AB78006DF06 /* Check Pods Manifest.lock */ = {
			isa = PBXShellScriptBuildPhase;
			buildActionMask = 2147483647;
			files = (
			);
			inputPaths = (
			);
			name = "Check Pods Manifest.lock";
			outputPaths = (
			);
			runOnlyForDeploymentPostprocessing = 0;
			shellPath = /bin/sh;
			shellScript = "diff \"${PODS_ROOT}/../Podfile.lock\" \"${PODS_ROOT}/Manifest.lock\" > /dev/null\nif [[ $? != 0 ]] ; then\n    cat << EOM\nerror: The sandbox is not in sync with the Podfile.lock. Run 'pod install' or update your CocoaPods installation.\nEOM\n    exit 1\nfi\n";
			showEnvVarsInLog = 0;
		};
/* End PBXShellScriptBuildPhase section */

/* Begin PBXSourcesBuildPhase section */
		169A0D9718B82ABD00E42D1A /* Sources */ = {
			isa = PBXSourcesBuildPhase;
			buildActionMask = 2147483647;
			files = (
				16B27B0618C38CF900A355FF /* SelectViewController.m in Sources */,
				16A5C69418C37EFC0078EA01 /* HGSettings.m in Sources */,
				167749A518C00B6F00C1647D /* NSDate+Mercury.m in Sources */,
				1605410918B843C000C200C6 /* HGPosition.m in Sources */,
				1605412618B9630000C200C6 /* NSDateFormatter+Mercury.m in Sources */,
				1654ACCC18CB8CEB00D4D295 /* NSArray+HGPosition.m in Sources */,
				1605413218B9965800C200C6 /* PositionChartViewController.m in Sources */,
				16B27B0C18C40B4100A355FF /* SignalStatusCell.m in Sources */,
				167749AB18C02B1D00C1647D /* NSDecimalNumber+Mercury.m in Sources */,
				167AC78018BD810C006BF9E6 /* FileHelpers.m in Sources */,
				16AE022918C27DBE00D8E3C8 /* UIViewController+Layout.m in Sources */,
				16B98FAF18BEBC6300A55122 /* NSNumberFormatter+Mercury.m in Sources */,
				1605411618B8FFF700C200C6 /* UIColor+Mercury.m in Sources */,
				169A0DAF18B82ABE00E42D1A /* AppDelegate.m in Sources */,
				1605413818B99CAB00C200C6 /* UINavigationController+AutoRotation.m in Sources */,
				160B3BC918BC1CF30075CC14 /* NSString+Yahoo.m in Sources */,
				1605411318B8FD5700C200C6 /* SettingsViewController.m in Sources */,
				1605411A18B91DE900C200C6 /* PositionSummaryCell.m in Sources */,
				167749A818C029EF00C1647D /* NSArray+SMA.m in Sources */,
				1605412918B96A6000C200C6 /* HGHistory.m in Sources */,
				1654ACCF18CBA42400D4D295 /* HGSMAValue.m in Sources */,
				1605412018B92D0A00C200C6 /* MercuryData.m in Sources */,
				16B98FB218BED58900A55122 /* NSString+Mercury.m in Sources */,
				1605412F18B981DD00C200C6 /* NSArray+Mercury.m in Sources */,
				16A53C1218C6B72E009E795E /* SearchViewController.m in Sources */,
				1605411D18B922C100C200C6 /* YahooAPIClient.m in Sources */,
				16F0797218BA835F00497607 /* HGTicker.m in Sources */,
				1605413518B99C5500C200C6 /* UITabBarController+AutoRotation.m in Sources */,
				169A0DCF18B82DBA00E42D1A /* PositionsViewController.m in Sources */,
				1605412318B93D9A00C200C6 /* PositionDetailViewController.m in Sources */,
				1605410118B83A4800C200C6 /* PositionDisplayCell.m in Sources */,
				169A0DAB18B82ABE00E42D1A /* main.m in Sources */,
			);
			runOnlyForDeploymentPostprocessing = 0;
		};
		169A0DB218B82ABE00E42D1A /* Sources */ = {
			isa = PBXSourcesBuildPhase;
			buildActionMask = 2147483647;
			files = (
				169A0DC418B82ABE00E42D1A /* MercuryTests.m in Sources */,
			);
			runOnlyForDeploymentPostprocessing = 0;
		};
/* End PBXSourcesBuildPhase section */

/* Begin PBXTargetDependency section */
		169A0DBC18B82ABE00E42D1A /* PBXTargetDependency */ = {
			isa = PBXTargetDependency;
			target = 169A0D9A18B82ABD00E42D1A /* Mercury */;
			targetProxy = 169A0DBB18B82ABE00E42D1A /* PBXContainerItemProxy */;
		};
/* End PBXTargetDependency section */

/* Begin PBXVariantGroup section */
		169A0DA718B82ABE00E42D1A /* InfoPlist.strings */ = {
			isa = PBXVariantGroup;
			children = (
				169A0DA818B82ABE00E42D1A /* en */,
			);
			name = InfoPlist.strings;
			sourceTree = "<group>";
		};
		169A0DC018B82ABE00E42D1A /* InfoPlist.strings */ = {
			isa = PBXVariantGroup;
			children = (
				169A0DC118B82ABE00E42D1A /* en */,
			);
			name = InfoPlist.strings;
			sourceTree = "<group>";
		};
/* End PBXVariantGroup section */

/* Begin XCBuildConfiguration section */
		1630357818C6D3BB00803DD2 /* AdHoc */ = {
			isa = XCBuildConfiguration;
			buildSettings = {
				ALWAYS_SEARCH_USER_PATHS = NO;
				ARCHS = "$(ARCHS_STANDARD_INCLUDING_64_BIT)";
				CLANG_CXX_LANGUAGE_STANDARD = "gnu++0x";
				CLANG_CXX_LIBRARY = "libc++";
				CLANG_ENABLE_MODULES = YES;
				CLANG_ENABLE_OBJC_ARC = YES;
				CLANG_WARN_BOOL_CONVERSION = YES;
				CLANG_WARN_CONSTANT_CONVERSION = YES;
				CLANG_WARN_DIRECT_OBJC_ISA_USAGE = YES_ERROR;
				CLANG_WARN_EMPTY_BODY = YES;
				CLANG_WARN_ENUM_CONVERSION = YES;
				CLANG_WARN_INT_CONVERSION = YES;
				CLANG_WARN_OBJC_ROOT_CLASS = YES_ERROR;
				CLANG_WARN__DUPLICATE_METHOD_MATCH = YES;
				"CODE_SIGN_IDENTITY[sdk=iphoneos*]" = "iPhone Developer";
				COPY_PHASE_STRIP = YES;
				ENABLE_NS_ASSERTIONS = NO;
				GCC_C_LANGUAGE_STANDARD = gnu99;
				GCC_WARN_64_TO_32_BIT_CONVERSION = YES;
				GCC_WARN_ABOUT_RETURN_TYPE = YES_ERROR;
				GCC_WARN_UNDECLARED_SELECTOR = YES;
				GCC_WARN_UNINITIALIZED_AUTOS = YES;
				GCC_WARN_UNUSED_FUNCTION = YES;
				GCC_WARN_UNUSED_VARIABLE = YES;
				IPHONEOS_DEPLOYMENT_TARGET = 7.0;
				SDKROOT = iphoneos;
				VALIDATE_PRODUCT = YES;
			};
			name = AdHoc;
		};
		1630357918C6D3BB00803DD2 /* AdHoc */ = {
			isa = XCBuildConfiguration;
			baseConfigurationReference = 9CDE19C2F9074FD4B20E637F /* Pods.xcconfig */;
			buildSettings = {
				ASSETCATALOG_COMPILER_APPICON_NAME = AppIcon;
				ASSETCATALOG_COMPILER_LAUNCHIMAGE_NAME = LaunchImage;
				CODE_SIGN_IDENTITY = "iPhone Distribution: Axel Rivera (C2Q5BUZ3MX)";
				GCC_PRECOMPILE_PREFIX_HEADER = YES;
				GCC_PREFIX_HEADER = "Mercury/Mercury-Prefix.pch";
				INFOPLIST_FILE = "Mercury/Mercury-Info.plist";
				PRODUCT_NAME = "Mutual Funds";
				PROVISIONING_PROFILE = "DBE39C2B-385C-4110-BA22-C1161429D45C";
				WRAPPER_EXTENSION = app;
			};
			name = AdHoc;
		};
		1630357A18C6D3BB00803DD2 /* AdHoc */ = {
			isa = XCBuildConfiguration;
			baseConfigurationReference = 9CDE19C2F9074FD4B20E637F /* Pods.xcconfig */;
			buildSettings = {
				ARCHS = "$(ARCHS_STANDARD_INCLUDING_64_BIT)";
				BUNDLE_LOADER = "$(BUILT_PRODUCTS_DIR)/Mercury.app/Mercury";
				FRAMEWORK_SEARCH_PATHS = (
					"$(SDKROOT)/Developer/Library/Frameworks",
					"$(inherited)",
					"$(DEVELOPER_FRAMEWORKS_DIR)",
				);
				GCC_PRECOMPILE_PREFIX_HEADER = YES;
				GCC_PREFIX_HEADER = "Mercury/Mercury-Prefix.pch";
				INFOPLIST_FILE = "MercuryTests/MercuryTests-Info.plist";
				PRODUCT_NAME = "$(TARGET_NAME)";
				TEST_HOST = "$(BUNDLE_LOADER)";
				WRAPPER_EXTENSION = xctest;
			};
			name = AdHoc;
		};
		169A0DC518B82ABE00E42D1A /* Debug */ = {
			isa = XCBuildConfiguration;
			buildSettings = {
				ALWAYS_SEARCH_USER_PATHS = NO;
				ARCHS = "$(ARCHS_STANDARD_INCLUDING_64_BIT)";
				CLANG_CXX_LANGUAGE_STANDARD = "gnu++0x";
				CLANG_CXX_LIBRARY = "libc++";
				CLANG_ENABLE_MODULES = YES;
				CLANG_ENABLE_OBJC_ARC = YES;
				CLANG_WARN_BOOL_CONVERSION = YES;
				CLANG_WARN_CONSTANT_CONVERSION = YES;
				CLANG_WARN_DIRECT_OBJC_ISA_USAGE = YES_ERROR;
				CLANG_WARN_EMPTY_BODY = YES;
				CLANG_WARN_ENUM_CONVERSION = YES;
				CLANG_WARN_INT_CONVERSION = YES;
				CLANG_WARN_OBJC_ROOT_CLASS = YES_ERROR;
				CLANG_WARN__DUPLICATE_METHOD_MATCH = YES;
				"CODE_SIGN_IDENTITY[sdk=iphoneos*]" = "iPhone Developer";
				COPY_PHASE_STRIP = NO;
				GCC_C_LANGUAGE_STANDARD = gnu99;
				GCC_DYNAMIC_NO_PIC = NO;
				GCC_OPTIMIZATION_LEVEL = 0;
				GCC_PREPROCESSOR_DEFINITIONS = (
					"DEBUG=1",
					"$(inherited)",
				);
				GCC_SYMBOLS_PRIVATE_EXTERN = NO;
				GCC_WARN_64_TO_32_BIT_CONVERSION = YES;
				GCC_WARN_ABOUT_RETURN_TYPE = YES_ERROR;
				GCC_WARN_UNDECLARED_SELECTOR = YES;
				GCC_WARN_UNINITIALIZED_AUTOS = YES;
				GCC_WARN_UNUSED_FUNCTION = YES;
				GCC_WARN_UNUSED_VARIABLE = YES;
				IPHONEOS_DEPLOYMENT_TARGET = 7.0;
				ONLY_ACTIVE_ARCH = YES;
				SDKROOT = iphoneos;
			};
			name = Debug;
		};
		169A0DC618B82ABE00E42D1A /* Release */ = {
			isa = XCBuildConfiguration;
			buildSettings = {
				ALWAYS_SEARCH_USER_PATHS = NO;
				ARCHS = "$(ARCHS_STANDARD_INCLUDING_64_BIT)";
				CLANG_CXX_LANGUAGE_STANDARD = "gnu++0x";
				CLANG_CXX_LIBRARY = "libc++";
				CLANG_ENABLE_MODULES = YES;
				CLANG_ENABLE_OBJC_ARC = YES;
				CLANG_WARN_BOOL_CONVERSION = YES;
				CLANG_WARN_CONSTANT_CONVERSION = YES;
				CLANG_WARN_DIRECT_OBJC_ISA_USAGE = YES_ERROR;
				CLANG_WARN_EMPTY_BODY = YES;
				CLANG_WARN_ENUM_CONVERSION = YES;
				CLANG_WARN_INT_CONVERSION = YES;
				CLANG_WARN_OBJC_ROOT_CLASS = YES_ERROR;
				CLANG_WARN__DUPLICATE_METHOD_MATCH = YES;
				"CODE_SIGN_IDENTITY[sdk=iphoneos*]" = "iPhone Developer";
				COPY_PHASE_STRIP = YES;
				ENABLE_NS_ASSERTIONS = NO;
				GCC_C_LANGUAGE_STANDARD = gnu99;
				GCC_WARN_64_TO_32_BIT_CONVERSION = YES;
				GCC_WARN_ABOUT_RETURN_TYPE = YES_ERROR;
				GCC_WARN_UNDECLARED_SELECTOR = YES;
				GCC_WARN_UNINITIALIZED_AUTOS = YES;
				GCC_WARN_UNUSED_FUNCTION = YES;
				GCC_WARN_UNUSED_VARIABLE = YES;
				IPHONEOS_DEPLOYMENT_TARGET = 7.0;
				SDKROOT = iphoneos;
				VALIDATE_PRODUCT = YES;
			};
			name = Release;
		};
		169A0DC818B82ABE00E42D1A /* Debug */ = {
			isa = XCBuildConfiguration;
			baseConfigurationReference = 9CDE19C2F9074FD4B20E637F /* Pods.xcconfig */;
			buildSettings = {
				ASSETCATALOG_COMPILER_APPICON_NAME = AppIcon;
				ASSETCATALOG_COMPILER_LAUNCHIMAGE_NAME = LaunchImage;
				CODE_SIGN_IDENTITY = "iPhone Developer";
				GCC_PRECOMPILE_PREFIX_HEADER = YES;
				GCC_PREFIX_HEADER = "Mercury/Mercury-Prefix.pch";
				INFOPLIST_FILE = "Mercury/Mercury-Info.plist";
				PRODUCT_NAME = "Mutual Funds";
				WRAPPER_EXTENSION = app;
			};
			name = Debug;
		};
		169A0DC918B82ABE00E42D1A /* Release */ = {
			isa = XCBuildConfiguration;
			baseConfigurationReference = 9CDE19C2F9074FD4B20E637F /* Pods.xcconfig */;
			buildSettings = {
				ASSETCATALOG_COMPILER_APPICON_NAME = AppIcon;
				ASSETCATALOG_COMPILER_LAUNCHIMAGE_NAME = LaunchImage;
				CODE_SIGN_IDENTITY = "iPhone Developer";
				GCC_PRECOMPILE_PREFIX_HEADER = YES;
				GCC_PREFIX_HEADER = "Mercury/Mercury-Prefix.pch";
				INFOPLIST_FILE = "Mercury/Mercury-Info.plist";
				PRODUCT_NAME = "Mutual Funds";
				WRAPPER_EXTENSION = app;
			};
			name = Release;
		};
		169A0DCB18B82ABE00E42D1A /* Debug */ = {
			isa = XCBuildConfiguration;
			baseConfigurationReference = 9CDE19C2F9074FD4B20E637F /* Pods.xcconfig */;
			buildSettings = {
				ARCHS = "$(ARCHS_STANDARD_INCLUDING_64_BIT)";
				BUNDLE_LOADER = "$(BUILT_PRODUCTS_DIR)/Mercury.app/Mercury";
				FRAMEWORK_SEARCH_PATHS = (
					"$(SDKROOT)/Developer/Library/Frameworks",
					"$(inherited)",
					"$(DEVELOPER_FRAMEWORKS_DIR)",
				);
				GCC_PRECOMPILE_PREFIX_HEADER = YES;
				GCC_PREFIX_HEADER = "Mercury/Mercury-Prefix.pch";
				GCC_PREPROCESSOR_DEFINITIONS = (
					"DEBUG=1",
					"$(inherited)",
				);
				INFOPLIST_FILE = "MercuryTests/MercuryTests-Info.plist";
				PRODUCT_NAME = "$(TARGET_NAME)";
				TEST_HOST = "$(BUNDLE_LOADER)";
				WRAPPER_EXTENSION = xctest;
			};
			name = Debug;
		};
		169A0DCC18B82ABE00E42D1A /* Release */ = {
			isa = XCBuildConfiguration;
			baseConfigurationReference = 9CDE19C2F9074FD4B20E637F /* Pods.xcconfig */;
			buildSettings = {
				ARCHS = "$(ARCHS_STANDARD_INCLUDING_64_BIT)";
				BUNDLE_LOADER = "$(BUILT_PRODUCTS_DIR)/Mercury.app/Mercury";
				FRAMEWORK_SEARCH_PATHS = (
					"$(SDKROOT)/Developer/Library/Frameworks",
					"$(inherited)",
					"$(DEVELOPER_FRAMEWORKS_DIR)",
				);
				GCC_PRECOMPILE_PREFIX_HEADER = YES;
				GCC_PREFIX_HEADER = "Mercury/Mercury-Prefix.pch";
				INFOPLIST_FILE = "MercuryTests/MercuryTests-Info.plist";
				PRODUCT_NAME = "$(TARGET_NAME)";
				TEST_HOST = "$(BUNDLE_LOADER)";
				WRAPPER_EXTENSION = xctest;
			};
			name = Release;
		};
/* End XCBuildConfiguration section */

/* Begin XCConfigurationList section */
		169A0D9618B82ABD00E42D1A /* Build configuration list for PBXProject "Mercury" */ = {
			isa = XCConfigurationList;
			buildConfigurations = (
				169A0DC518B82ABE00E42D1A /* Debug */,
				169A0DC618B82ABE00E42D1A /* Release */,
				1630357818C6D3BB00803DD2 /* AdHoc */,
			);
			defaultConfigurationIsVisible = 0;
			defaultConfigurationName = Release;
		};
		169A0DC718B82ABE00E42D1A /* Build configuration list for PBXNativeTarget "Mercury" */ = {
			isa = XCConfigurationList;
			buildConfigurations = (
				169A0DC818B82ABE00E42D1A /* Debug */,
				169A0DC918B82ABE00E42D1A /* Release */,
				1630357918C6D3BB00803DD2 /* AdHoc */,
			);
			defaultConfigurationIsVisible = 0;
			defaultConfigurationName = Release;
		};
		169A0DCA18B82ABE00E42D1A /* Build configuration list for PBXNativeTarget "MercuryTests" */ = {
			isa = XCConfigurationList;
			buildConfigurations = (
				169A0DCB18B82ABE00E42D1A /* Debug */,
				169A0DCC18B82ABE00E42D1A /* Release */,
				1630357A18C6D3BB00803DD2 /* AdHoc */,
			);
			defaultConfigurationIsVisible = 0;
			defaultConfigurationName = Release;
		};
/* End XCConfigurationList section */
	};
	rootObject = 169A0D9318B82ABD00E42D1A /* Project object */;
}
